
Microsoft Visual Studio Solution File, Format Version 12.00
# Visual Studio 15
VisualStudioVersion = 15.0.26730.16
MinimumVisualStudioVersion = 10.0.40219.1
Project("{FAE04EC0-301F-11D3-BF4B-00C04F79EFBC}") = "Core", "Core\Core.csproj", "{3B9FECDF-8B1E-4A0E-BC26-7208FFE1616C}"
EndProject
Project("{FAE04EC0-301F-11D3-BF4B-00C04F79EFBC}") = "Webapp", "Webapp\Webapp.csproj", "{781AD8B3-58DE-4C43-BAAD-77CB73B16125}"
EndProject
Global
	GlobalSection(SolutionConfigurationPlatforms) = preSolution
		Debug|Any CPU = Debug|Any CPU
		Release|Any CPU = Release|Any CPU
	EndGlobalSection
	GlobalSection(ProjectConfigurationPlatforms) = postSolution
		{3B9FECDF-8B1E-4A0E-BC26-7208FFE1616C}.Debug|Any CPU.ActiveCfg = Debug|Any CPU
		{3B9FECDF-8B1E-4A0E-BC26-7208FFE1616C}.Debug|Any CPU.Build.0 = Debug|Any CPU
		{3B9FECDF-8B1E-4A0E-BC26-7208FFE1616C}.Release|Any CPU.ActiveCfg = Release|Any CPU
		{3B9FECDF-8B1E-4A0E-BC26-7208FFE1616C}.Release|Any CPU.Build.0 = Release|Any CPU
		{781AD8B3-58DE-4C43-BAAD-77CB73B16125}.Debug|Any CPU.ActiveCfg = Debug|Any CPU
		{781AD8B3-58DE-4C43-BAAD-77CB73B16125}.Debug|Any CPU.Build.0 = Debug|Any CPU
		{781AD8B3-58DE-4C43-BAAD-77CB73B16125}.Release|Any CPU.ActiveCfg = Release|Any CPU
		{781AD8B3-58DE-4C43-BAAD-77CB73B16125}.Release|Any CPU.Build.0 = Release|Any CPU
	EndGlobalSection
	GlobalSection(SolutionProperties) = preSolution
		HideSolutionNode = FALSE
	EndGlobalSection
	GlobalSection(ExtensibilityGlobals) = postSolution
		SolutionGuid = {94155384-B63A-4FF0-8B2E-BA258AC5F1C4}
	EndGlobalSection
EndGlobal
